
Microsoft Visual Studio Solution File, Format Version 12.00
# Visual Studio Version 17
VisualStudioVersion = 17.3.32804.467
MinimumVisualStudioVersion = 10.0.40219.1
Project("{FAE04EC0-301F-11D3-BF4B-00C04F79EFBC}") = "2022batch1", "2022batch1\2022batch1.csproj", "{BEA9D264-D7B5-423F-8A74-A9181B534690}"
EndProject
Global
	GlobalSection(SolutionConfigurationPlatforms) = preSolution
		Debug|Any CPU = Debug|Any CPU
		Release|Any CPU = Release|Any CPU
	EndGlobalSection
	GlobalSection(ProjectConfigurationPlatforms) = postSolution
		{BEA9D264-D7B5-423F-8A74-A9181B534690}.Debug|Any CPU.ActiveCfg = Debug|Any CPU
		{BEA9D264-D7B5-423F-8A74-A9181B534690}.Debug|Any CPU.Build.0 = Debug|Any CPU
		{BEA9D264-D7B5-423F-8A74-A9181B534690}.Release|Any CPU.ActiveCfg = Release|Any CPU
		{BEA9D264-D7B5-423F-8A74-A9181B534690}.Release|Any CPU.Build.0 = Release|Any CPU
	EndGlobalSection
	GlobalSection(SolutionProperties) = preSolution
		HideSolutionNode = FALSE
	EndGlobalSection
	GlobalSection(ExtensibilityGlobals) = postSolution
		SolutionGuid = {0B76D4D2-5D10-4675-8FAD-05F3B27DEF4A}
	EndGlobalSection
EndGlobal
